
Microsoft Visual Studio Solution File, Format Version 12.00
# Visual Studio Version 17
VisualStudioVersion = 17.3.32825.248
MinimumVisualStudioVersion = 10.0.40219.1
Project("{FAE04EC0-301F-11D3-BF4B-00C04F79EFBC}") = "aplikacja", "aplikacja\aplikacja.csproj", "{9CB9078B-7530-4554-96F5-A1FFDA754318}"
EndProject
Global
	GlobalSection(SolutionConfigurationPlatforms) = preSolution
		Debug|Any CPU = Debug|Any CPU
		Release|Any CPU = Release|Any CPU
	EndGlobalSection
	GlobalSection(ProjectConfigurationPlatforms) = postSolution
		{9CB9078B-7530-4554-96F5-A1FFDA754318}.Debug|Any CPU.ActiveCfg = Debug|Any CPU
		{9CB9078B-7530-4554-96F5-A1FFDA754318}.Debug|Any CPU.Build.0 = Debug|Any CPU
		{9CB9078B-7530-4554-96F5-A1FFDA754318}.Release|Any CPU.ActiveCfg = Release|Any CPU
		{9CB9078B-7530-4554-96F5-A1FFDA754318}.Release|Any CPU.Build.0 = Release|Any CPU
	EndGlobalSection
	GlobalSection(SolutionProperties) = preSolution
		HideSolutionNode = FALSE
	EndGlobalSection
	GlobalSection(ExtensibilityGlobals) = postSolution
		SolutionGuid = {D8D0DC1A-BAB4-4740-89CB-EC792676B591}
	EndGlobalSection
EndGlobal
